
Microsoft Visual Studio Solution File, Format Version 12.00
# Visual Studio 2012
VisualStudioVersion = 12.0.0.0
MinimumVisualStudioVersion = 10.0.0.1
Project("{FAE04EC0-301F-11D3-BF4B-00C04F79EFBC}") = "DocToMarkdown.Common.Tests", "Tests\DocToMarkdown.Common.Tests\DocToMarkdown.Common.Tests.csproj", "{0E98C973-1BF4-4B56-9E36-FCBABDCC74CD}"
EndProject
Project("{FAE04EC0-301F-11D3-BF4B-00C04F79EFBC}") = "DocToMarkdown.Tests", "Tests\DocToMarkdown.Tests\DocToMarkdown.Tests.csproj", "{C2C188B2-81B0-4727-97F5-DAAF23F2FE8C}"
EndProject
Project("{FAE04EC0-301F-11D3-BF4B-00C04F79EFBC}") = "DocToMarkdown.Common", "DocToMarkdown.Common\DocToMarkdown.Common.csproj", "{2E2B0383-18DA-4C0B-A3FF-F8D5E7FAB39D}"
EndProject
Project("{FAE04EC0-301F-11D3-BF4B-00C04F79EFBC}") = "DocToMarkdown", "DocToMarkdown\DocToMarkdown.csproj", "{CDB2AB44-0AA1-4A8A-8BBB-A7625C355C6B}"
EndProject
Project("{2150E333-8FDC-42A3-9474-1A3956D46DE8}") = "Tests", "Tests", "{A40C010C-18EA-4211-853F-91C467230351}"
EndProject
Global
	GlobalSection(SolutionConfigurationPlatforms) = preSolution
		Debug|Any CPU = Debug|Any CPU
		Release|Any CPU = Release|Any CPU
		Debug|x86 = Debug|x86
		Release|x86 = Release|x86
	EndGlobalSection
	GlobalSection(ProjectConfigurationPlatforms) = postSolution
		{0E98C973-1BF4-4B56-9E36-FCBABDCC74CD}.Debug|Any CPU.ActiveCfg = Debug|Any CPU
		{0E98C973-1BF4-4B56-9E36-FCBABDCC74CD}.Debug|Any CPU.Build.0 = Debug|Any CPU
		{0E98C973-1BF4-4B56-9E36-FCBABDCC74CD}.Debug|x86.ActiveCfg = Debug|Any CPU
		{0E98C973-1BF4-4B56-9E36-FCBABDCC74CD}.Debug|x86.Build.0 = Debug|Any CPU
		{0E98C973-1BF4-4B56-9E36-FCBABDCC74CD}.Release|Any CPU.ActiveCfg = Release|Any CPU
		{0E98C973-1BF4-4B56-9E36-FCBABDCC74CD}.Release|Any CPU.Build.0 = Release|Any CPU
		{0E98C973-1BF4-4B56-9E36-FCBABDCC74CD}.Release|x86.ActiveCfg = Release|Any CPU
		{0E98C973-1BF4-4B56-9E36-FCBABDCC74CD}.Release|x86.Build.0 = Release|Any CPU
		{2E2B0383-18DA-4C0B-A3FF-F8D5E7FAB39D}.Debug|Any CPU.ActiveCfg = Debug|Any CPU
		{2E2B0383-18DA-4C0B-A3FF-F8D5E7FAB39D}.Debug|Any CPU.Build.0 = Debug|Any CPU
		{2E2B0383-18DA-4C0B-A3FF-F8D5E7FAB39D}.Debug|x86.ActiveCfg = Debug|Any CPU
		{2E2B0383-18DA-4C0B-A3FF-F8D5E7FAB39D}.Debug|x86.Build.0 = Debug|Any CPU
		{2E2B0383-18DA-4C0B-A3FF-F8D5E7FAB39D}.Release|Any CPU.ActiveCfg = Release|Any CPU
		{2E2B0383-18DA-4C0B-A3FF-F8D5E7FAB39D}.Release|Any CPU.Build.0 = Release|Any CPU
		{2E2B0383-18DA-4C0B-A3FF-F8D5E7FAB39D}.Release|x86.ActiveCfg = Release|Any CPU
		{2E2B0383-18DA-4C0B-A3FF-F8D5E7FAB39D}.Release|x86.Build.0 = Release|Any CPU
		{C2C188B2-81B0-4727-97F5-DAAF23F2FE8C}.Debug|Any CPU.ActiveCfg = Debug|Any CPU
		{C2C188B2-81B0-4727-97F5-DAAF23F2FE8C}.Debug|Any CPU.Build.0 = Debug|Any CPU
		{C2C188B2-81B0-4727-97F5-DAAF23F2FE8C}.Debug|x86.ActiveCfg = Debug|Any CPU
		{C2C188B2-81B0-4727-97F5-DAAF23F2FE8C}.Debug|x86.Build.0 = Debug|Any CPU
		{C2C188B2-81B0-4727-97F5-DAAF23F2FE8C}.Release|Any CPU.ActiveCfg = Release|Any CPU
		{C2C188B2-81B0-4727-97F5-DAAF23F2FE8C}.Release|Any CPU.Build.0 = Release|Any CPU
		{C2C188B2-81B0-4727-97F5-DAAF23F2FE8C}.Release|x86.ActiveCfg = Release|Any CPU
		{C2C188B2-81B0-4727-97F5-DAAF23F2FE8C}.Release|x86.Build.0 = Release|Any CPU
		{CDB2AB44-0AA1-4A8A-8BBB-A7625C355C6B}.Debug|Any CPU.ActiveCfg = Debug|Any CPU
		{CDB2AB44-0AA1-4A8A-8BBB-A7625C355C6B}.Debug|Any CPU.Build.0 = Debug|Any CPU
		{CDB2AB44-0AA1-4A8A-8BBB-A7625C355C6B}.Debug|x86.ActiveCfg = Debug|Any CPU
		{CDB2AB44-0AA1-4A8A-8BBB-A7625C355C6B}.Debug|x86.Build.0 = Debug|Any CPU
		{CDB2AB44-0AA1-4A8A-8BBB-A7625C355C6B}.Release|Any CPU.ActiveCfg = Release|Any CPU
		{CDB2AB44-0AA1-4A8A-8BBB-A7625C355C6B}.Release|Any CPU.Build.0 = Release|Any CPU
		{CDB2AB44-0AA1-4A8A-8BBB-A7625C355C6B}.Release|x86.ActiveCfg = Release|Any CPU
		{CDB2AB44-0AA1-4A8A-8BBB-A7625C355C6B}.Release|x86.Build.0 = Release|Any CPU
		{7944CC28-EB66-473C-97CF-EC72A7D1A744}.Debug|Any CPU.ActiveCfg = Debug|Any CPU
		{7944CC28-EB66-473C-97CF-EC72A7D1A744}.Debug|Any CPU.Build.0 = Debug|Any CPU
		{7944CC28-EB66-473C-97CF-EC72A7D1A744}.Release|Any CPU.ActiveCfg = Release|Any CPU
		{7944CC28-EB66-473C-97CF-EC72A7D1A744}.Release|Any CPU.Build.0 = Release|Any CPU
		{A40C010C-18EA-4211-853F-91C467230351}.Debug|Any CPU.ActiveCfg = Debug|Any CPU
		{A40C010C-18EA-4211-853F-91C467230351}.Debug|Any CPU.Build.0 = Debug|Any CPU
		{A40C010C-18EA-4211-853F-91C467230351}.Release|Any CPU.ActiveCfg = Release|Any CPU
		{A40C010C-18EA-4211-853F-91C467230351}.Release|Any CPU.Build.0 = Release|Any CPU
		{A40C010C-18EA-4211-853F-91C467230351}.Debug|x86.ActiveCfg = Debug|x86
		{A40C010C-18EA-4211-853F-91C467230351}.Debug|x86.Build.0 = Debug|x86
		{A40C010C-18EA-4211-853F-91C467230351}.Release|x86.ActiveCfg = Release|x86
		{A40C010C-18EA-4211-853F-91C467230351}.Release|x86.Build.0 = Release|x86
	EndGlobalSection
	GlobalSection(NestedProjects) = preSolution
		{0E98C973-1BF4-4B56-9E36-FCBABDCC74CD} = {A40C010C-18EA-4211-853F-91C467230351}
		{C2C188B2-81B0-4727-97F5-DAAF23F2FE8C} = {A40C010C-18EA-4211-853F-91C467230351}
	EndGlobalSection
	GlobalSection(SolutionProperties) = preSolution
		HideSolutionNode = FALSE
	EndGlobalSection
EndGlobal
