
Microsoft Visual Studio Solution File, Format Version 12.00
# Visual Studio 2012
Project("{FAE04EC0-301F-11D3-BF4B-00C04F79EFBC}") = "DocToMarkdown", "DocToMarkdown\DocToMarkdown.csproj", "{CDB2AB44-0AA1-4A8A-8BBB-A7625C355C6B}"
EndProject
Project("{FAE04EC0-301F-11D3-BF4B-00C04F79EFBC}") = "DocToMarkdown.Tests", "Tests\DocToMarkdown.Tests\DocToMarkdown.Tests.csproj", "{C2C188B2-81B0-4727-97F5-DAAF23F2FE8C}"
EndProject
Global
	GlobalSection(SolutionConfigurationPlatforms) = preSolution
		Debug|x86 = Debug|x86
		Release|x86 = Release|x86
	EndGlobalSection
	GlobalSection(ProjectConfigurationPlatforms) = postSolution
		{C2C188B2-81B0-4727-97F5-DAAF23F2FE8C}.Debug|x86.ActiveCfg = Debug|Any CPU
		{C2C188B2-81B0-4727-97F5-DAAF23F2FE8C}.Debug|x86.Build.0 = Debug|Any CPU
		{C2C188B2-81B0-4727-97F5-DAAF23F2FE8C}.Release|x86.ActiveCfg = Release|Any CPU
		{C2C188B2-81B0-4727-97F5-DAAF23F2FE8C}.Release|x86.Build.0 = Release|Any CPU
		{CDB2AB44-0AA1-4A8A-8BBB-A7625C355C6B}.Debug|x86.ActiveCfg = Debug|x86
		{CDB2AB44-0AA1-4A8A-8BBB-A7625C355C6B}.Debug|x86.Build.0 = Debug|x86
		{CDB2AB44-0AA1-4A8A-8BBB-A7625C355C6B}.Release|x86.ActiveCfg = Release|x86
		{CDB2AB44-0AA1-4A8A-8BBB-A7625C355C6B}.Release|x86.Build.0 = Release|x86
	EndGlobalSection
	GlobalSection(MonoDevelopProperties) = preSolution
		StartupItem = DocToMarkdown\DocToMarkdown.csproj
	EndGlobalSection
EndGlobal
